
Microsoft Visual Studio Solution File, Format Version 12.00
# Visual Studio Version 17
VisualStudioVersion = 17.14.36203.30
MinimumVisualStudioVersion = 10.0.40219.1
Project("{FAE04EC0-301F-11D3-BF4B-00C04F79EFBC}") = "PHCurveLibrary", "PHCurveLibrary\PHCurveLibrary.csproj", "{64DEC6C8-0D77-47AA-B3E5-873B561BC6D4}"
EndProject
Project("{FAE04EC0-301F-11D3-BF4B-00C04F79EFBC}") = "PHCurveLibrary.Test", "PHCurveLibrary.Test\PHCurveLibrary.Test.csproj", "{85F5C883-0619-4A02-8D1D-2D110BFD0EDD}"
EndProject
Project("{2150E333-8FDC-42A3-9474-1A3956D46DE8}") = "Solution Items", "Solution Items", "{8EC462FD-D22E-90A8-E5CE-7E832BA40C5D}"
	ProjectSection(SolutionItems) = preProject
		AGENTS.md = AGENTS.md
		README.md = README.md
	EndProjectSection
EndProject
Global
	GlobalSection(SolutionConfigurationPlatforms) = preSolution
		Debug|Any CPU = Debug|Any CPU
		Release|Any CPU = Release|Any CPU
	EndGlobalSection
	GlobalSection(ProjectConfigurationPlatforms) = postSolution
		{64DEC6C8-0D77-47AA-B3E5-873B561BC6D4}.Debug|Any CPU.ActiveCfg = Debug|Any CPU
		{64DEC6C8-0D77-47AA-B3E5-873B561BC6D4}.Debug|Any CPU.Build.0 = Debug|Any CPU
		{64DEC6C8-0D77-47AA-B3E5-873B561BC6D4}.Release|Any CPU.ActiveCfg = Release|Any CPU
		{64DEC6C8-0D77-47AA-B3E5-873B561BC6D4}.Release|Any CPU.Build.0 = Release|Any CPU
		{85F5C883-0619-4A02-8D1D-2D110BFD0EDD}.Debug|Any CPU.ActiveCfg = Debug|Any CPU
		{85F5C883-0619-4A02-8D1D-2D110BFD0EDD}.Debug|Any CPU.Build.0 = Debug|Any CPU
		{85F5C883-0619-4A02-8D1D-2D110BFD0EDD}.Release|Any CPU.ActiveCfg = Release|Any CPU
		{85F5C883-0619-4A02-8D1D-2D110BFD0EDD}.Release|Any CPU.Build.0 = Release|Any CPU
	EndGlobalSection
	GlobalSection(SolutionProperties) = preSolution
		HideSolutionNode = FALSE
	EndGlobalSection
	GlobalSection(ExtensibilityGlobals) = postSolution
		SolutionGuid = {8026B24D-C93F-4564-A978-20CD15DF4D05}
	EndGlobalSection
EndGlobal
